
Microsoft Visual Studio Solution File, Format Version 12.00
# Visual Studio Version 17
VisualStudioVersion = 17.11.35327.3
MinimumVisualStudioVersion = 10.0.40219.1
Project("{FAE04EC0-301F-11D3-BF4B-00C04F79EFBC}") = "InicioEmpleados", "InicioEmpleados.csproj", "{A1B51B9B-D21B-4BA7-BACC-0FA701EE399C}"
EndProject
Project("{FAE04EC0-301F-11D3-BF4B-00C04F79EFBC}") = "RegistroClientes", "..\..\Interfaz Cliente\RegistroClientes\RegistroClientes.csproj", "{2897278B-26C4-4C45-859B-E998E67C5209}"
EndProject
Project("{FAE04EC0-301F-11D3-BF4B-00C04F79EFBC}") = "Registro Transacciones", "..\..\Registro Transacciones\Registro Transacciones.csproj", "{7D278559-BB7C-4E4F-955D-20E6E732C805}"
EndProject
Project("{FAE04EC0-301F-11D3-BF4B-00C04F79EFBC}") = "Control Préstamos", "..\..\Control Préstamos\Control Préstamos.csproj", "{E83137CB-DDB4-4B82-870C-E9F6FF2C0920}"
EndProject
Global
	GlobalSection(SolutionConfigurationPlatforms) = preSolution
		Debug|Any CPU = Debug|Any CPU
		Release|Any CPU = Release|Any CPU
	EndGlobalSection
	GlobalSection(ProjectConfigurationPlatforms) = postSolution
		{A1B51B9B-D21B-4BA7-BACC-0FA701EE399C}.Debug|Any CPU.ActiveCfg = Debug|Any CPU
		{A1B51B9B-D21B-4BA7-BACC-0FA701EE399C}.Debug|Any CPU.Build.0 = Debug|Any CPU
		{A1B51B9B-D21B-4BA7-BACC-0FA701EE399C}.Release|Any CPU.ActiveCfg = Release|Any CPU
		{A1B51B9B-D21B-4BA7-BACC-0FA701EE399C}.Release|Any CPU.Build.0 = Release|Any CPU
		{2897278B-26C4-4C45-859B-E998E67C5209}.Debug|Any CPU.ActiveCfg = Debug|Any CPU
		{2897278B-26C4-4C45-859B-E998E67C5209}.Debug|Any CPU.Build.0 = Debug|Any CPU
		{2897278B-26C4-4C45-859B-E998E67C5209}.Release|Any CPU.ActiveCfg = Release|Any CPU
		{2897278B-26C4-4C45-859B-E998E67C5209}.Release|Any CPU.Build.0 = Release|Any CPU
		{7D278559-BB7C-4E4F-955D-20E6E732C805}.Debug|Any CPU.ActiveCfg = Debug|Any CPU
		{7D278559-BB7C-4E4F-955D-20E6E732C805}.Debug|Any CPU.Build.0 = Debug|Any CPU
		{7D278559-BB7C-4E4F-955D-20E6E732C805}.Release|Any CPU.ActiveCfg = Release|Any CPU
		{7D278559-BB7C-4E4F-955D-20E6E732C805}.Release|Any CPU.Build.0 = Release|Any CPU
		{E83137CB-DDB4-4B82-870C-E9F6FF2C0920}.Debug|Any CPU.ActiveCfg = Debug|Any CPU
		{E83137CB-DDB4-4B82-870C-E9F6FF2C0920}.Debug|Any CPU.Build.0 = Debug|Any CPU
		{E83137CB-DDB4-4B82-870C-E9F6FF2C0920}.Release|Any CPU.ActiveCfg = Release|Any CPU
		{E83137CB-DDB4-4B82-870C-E9F6FF2C0920}.Release|Any CPU.Build.0 = Release|Any CPU
	EndGlobalSection
	GlobalSection(SolutionProperties) = preSolution
		HideSolutionNode = FALSE
	EndGlobalSection
	GlobalSection(ExtensibilityGlobals) = postSolution
		SolutionGuid = {5963FB88-5452-467D-82AF-BA7A918BB4ED}
	EndGlobalSection
EndGlobal
